
Microsoft Visual Studio Solution File, Format Version 12.00
# Visual Studio Version 17
VisualStudioVersion = 17.14.36603.0 d17.14
MinimumVisualStudioVersion = 10.0.40219.1
Project("{FAE04EC0-301F-11D3-BF4B-00C04F79EFBC}") = "InsuranceWebApp", "InsuranceWebApp.csproj", "{7558921E-EF9B-4AF7-BA54-C5ABE59CC911}"
EndProject
Global
	GlobalSection(SolutionConfigurationPlatforms) = preSolution
		Debug|Any CPU = Debug|Any CPU
		Release|Any CPU = Release|Any CPU
	EndGlobalSection
	GlobalSection(ProjectConfigurationPlatforms) = postSolution
		{7558921E-EF9B-4AF7-BA54-C5ABE59CC911}.Debug|Any CPU.ActiveCfg = Debug|Any CPU
		{7558921E-EF9B-4AF7-BA54-C5ABE59CC911}.Debug|Any CPU.Build.0 = Debug|Any CPU
		{7558921E-EF9B-4AF7-BA54-C5ABE59CC911}.Release|Any CPU.ActiveCfg = Release|Any CPU
		{7558921E-EF9B-4AF7-BA54-C5ABE59CC911}.Release|Any CPU.Build.0 = Release|Any CPU
	EndGlobalSection
	GlobalSection(SolutionProperties) = preSolution
		HideSolutionNode = FALSE
	EndGlobalSection
	GlobalSection(ExtensibilityGlobals) = postSolution
		SolutionGuid = {CBC352BB-2204-4D7E-AAFE-E9456A44A789}
	EndGlobalSection
EndGlobal
